
Microsoft Visual Studio Solution File, Format Version 12.00
# Visual Studio Version 16
VisualStudioVersion = 16.0.31129.286
MinimumVisualStudioVersion = 10.0.40219.1
Project("{FAE04EC0-301F-11D3-BF4B-00C04F79EFBC}") = "Egorozh.WebSite", "Egorozh.WebSite\Egorozh.WebSite.csproj", "{21D9C734-CFBD-41BC-AB5B-AFAA6234C504}"
EndProject
Global
	GlobalSection(SolutionConfigurationPlatforms) = preSolution
		Debug|Any CPU = Debug|Any CPU
		Release|Any CPU = Release|Any CPU
	EndGlobalSection
	GlobalSection(ProjectConfigurationPlatforms) = postSolution
		{21D9C734-CFBD-41BC-AB5B-AFAA6234C504}.Debug|Any CPU.ActiveCfg = Debug|Any CPU
		{21D9C734-CFBD-41BC-AB5B-AFAA6234C504}.Debug|Any CPU.Build.0 = Debug|Any CPU
		{21D9C734-CFBD-41BC-AB5B-AFAA6234C504}.Release|Any CPU.ActiveCfg = Release|Any CPU
		{21D9C734-CFBD-41BC-AB5B-AFAA6234C504}.Release|Any CPU.Build.0 = Release|Any CPU
	EndGlobalSection
	GlobalSection(SolutionProperties) = preSolution
		HideSolutionNode = FALSE
	EndGlobalSection
	GlobalSection(ExtensibilityGlobals) = postSolution
		SolutionGuid = {BEE15AED-0069-4D5E-B167-A207C6F3CA0D}
	EndGlobalSection
EndGlobal
